
Microsoft Visual Studio Solution File, Format Version 12.00
# Visual Studio Version 17
VisualStudioVersion = 17.3.32825.248
MinimumVisualStudioVersion = 10.0.40219.1
Project("{9A19103F-16F7-4668-BE54-9A1E7A4F7556}") = "DeviceComponents", "DeviceComponents\DeviceComponents.csproj", "{203D2128-33CE-4120-A460-BB8A912FC6B1}"
EndProject
Project("{FAE04EC0-301F-11D3-BF4B-00C04F79EFBC}") = "DeviceComponentTests", "DeviceComponentTests\DeviceComponentTests.csproj", "{071BB59C-EBB3-481B-9752-9153548E081F}"
EndProject
Project("{9A19103F-16F7-4668-BE54-9A1E7A4F7556}") = "ClientApplication", "ClientApplication\ClientApplication.csproj", "{5BBDC7A9-586E-4F67-9D7F-9F26353C32CA}"
EndProject
Global
	GlobalSection(SolutionConfigurationPlatforms) = preSolution
		Debug|Any CPU = Debug|Any CPU
		Release|Any CPU = Release|Any CPU
	EndGlobalSection
	GlobalSection(ProjectConfigurationPlatforms) = postSolution
		{203D2128-33CE-4120-A460-BB8A912FC6B1}.Debug|Any CPU.ActiveCfg = Debug|Any CPU
		{203D2128-33CE-4120-A460-BB8A912FC6B1}.Debug|Any CPU.Build.0 = Debug|Any CPU
		{203D2128-33CE-4120-A460-BB8A912FC6B1}.Release|Any CPU.ActiveCfg = Release|Any CPU
		{203D2128-33CE-4120-A460-BB8A912FC6B1}.Release|Any CPU.Build.0 = Release|Any CPU
		{071BB59C-EBB3-481B-9752-9153548E081F}.Debug|Any CPU.ActiveCfg = Debug|Any CPU
		{071BB59C-EBB3-481B-9752-9153548E081F}.Debug|Any CPU.Build.0 = Debug|Any CPU
		{071BB59C-EBB3-481B-9752-9153548E081F}.Release|Any CPU.ActiveCfg = Release|Any CPU
		{071BB59C-EBB3-481B-9752-9153548E081F}.Release|Any CPU.Build.0 = Release|Any CPU
		{5BBDC7A9-586E-4F67-9D7F-9F26353C32CA}.Debug|Any CPU.ActiveCfg = Debug|Any CPU
		{5BBDC7A9-586E-4F67-9D7F-9F26353C32CA}.Debug|Any CPU.Build.0 = Debug|Any CPU
		{5BBDC7A9-586E-4F67-9D7F-9F26353C32CA}.Release|Any CPU.ActiveCfg = Release|Any CPU
		{5BBDC7A9-586E-4F67-9D7F-9F26353C32CA}.Release|Any CPU.Build.0 = Release|Any CPU
	EndGlobalSection
	GlobalSection(SolutionProperties) = preSolution
		HideSolutionNode = FALSE
	EndGlobalSection
	GlobalSection(ExtensibilityGlobals) = postSolution
		SolutionGuid = {9A1B24B3-E2D3-4289-869C-B73E71DE7B8E}
	EndGlobalSection
EndGlobal
